# This file is autogenerated, do not edit; changes may be undone by the next 'dep ensure'.


[[projects]]
  digest = "1:b651debee999326905e2c3d30031698649716bbdf18e519348f51aa4ffe44c99"
  name = "github.com/alecthomas/gometalinter"
  packages = ["."]
  pruneopts = ""
  revision = "102ac984005d45456a7e3ae6dc94ebcd95c2bb19"
  version = "v2.0.12"

[[projects]]
  branch = "master"
  digest = "1:8483994d21404c8a1d489f6be756e25bfccd3b45d65821f25695577791a08e68"
  name = "github.com/alecthomas/units"
  packages = ["."]
  pruneopts = ""
  revision = "2efee857e7cfd4f3d0138cc3cbb1b4966962b93a"

[[projects]]
  branch = "master"
  digest = "1:534bfc1a194affafadc94be31ac3e221de127e47c0c28b3fe8eddc7ca1656f2f"
  name = "github.com/chzyer/readline"
  packages = ["."]
  pruneopts = ""
  revision = "2972be24d48e78746da79ba8e24e8b488c9880de"

[[projects]]
  digest = "1:dbf28ceee27335219701dd4c6639c767eee31e2abb61485cdb1044587a04c077"
  name = "github.com/client9/misspell"
  packages = [
    ".",
    "cmd/misspell",
  ]
  pruneopts = ""
  revision = "b90dc15cfd220ecf8bbc9043ecb928cef381f011"
  version = "v0.3.4"

[[projects]]
  digest = "1:3c3f68ebab415344aef64363d23471e953a4715645115604aaf57923ae904f5e"
  name = "github.com/coreos/go-semver"
  packages = ["semver"]
  pruneopts = ""
  revision = "8ab6407b697782a06568d4b7f1db25550ec2e4c6"
  version = "v0.2.0"

[[projects]]
  digest = "1:e08b8bb5f19fe4e043b4bf89f5df0127705e7b43707c8cbe03729f14c18caa9c"
  name = "github.com/docker/distribution"
  packages = [
    ".",
    "digestset",
    "manifest",
    "manifest/manifestlist",
    "manifest/schema1",
    "manifest/schema2",
    "reference",
  ]
  pruneopts = ""
  revision = "17b3ff188dfde7d5b59a94ab99e6a967b3a59563"
  version = "v2.7.0-rc.0"

[[projects]]
  digest = "1:a60acfb78bd12ce7b2101f0cc0bca8cd83db6aa60bf1e6ddfd33e83013083ddf"
  name = "github.com/docker/docker"
  packages = [
    "api/types",
    "api/types/blkiodev",
    "api/types/container",
    "api/types/filters",
    "api/types/mount",
    "api/types/network",
    "api/types/registry",
    "api/types/strslice",
    "api/types/swarm",
    "api/types/versions",
  ]
  pruneopts = ""
  revision = "092cba3727bb9b4a2f0e922cd6c0f93ea270e363"
  version = "v1.13.1"

[[projects]]
  digest = "1:ebe593d8b65a2947b78b6e164a2dac1a230b977a700b694da3a398b03b7afb04"
  name = "github.com/docker/go-connections"
  packages = ["nat"]
  pruneopts = ""
  revision = "7395e3f8aa162843a74ed6d48e79627d9792ac55"
  version = "v0.4.0"

[[projects]]
  digest = "1:582d54fcb7233da8dde1dfd2210a5b9675d0685f84246a8d317b07d680c18b1b"
  name = "github.com/docker/go-units"
  packages = ["."]
  pruneopts = ""
  revision = "47565b4f722fb6ceae66b95f853feed578a4a51c"
  version = "v0.3.3"

[[projects]]
  branch = "master"
  digest = "1:1d0c4a7f7d52eb8da75993ab0526467360795e9dfdd559020a15bfb53a028809"
  name = "github.com/docker/libtrust"
  packages = ["."]
  pruneopts = ""
  revision = "aabc10ec26b754e797f9028f4589c5b7bd90dc20"

[[projects]]
  digest = "1:3fb45be023d7b0f726a3cd08bd5ca66ae840a265b0db243a97a86ffbf7c1da75"
  name = "github.com/genuinetools/reg"
  packages = ["registry"]
  pruneopts = ""
  revision = "4a4d0e5d108ca9558879bdf1aba94d09e921cf1e"
  version = "v0.16.0"

[[projects]]
  branch = "travis-1.9"
  digest = "1:d45f5fe0f8bf6cd0bc592502e7e8ec647d769e55387fe326eb624d67282a7d15"
  name = "github.com/golang/lint"
  packages = [
    ".",
    "golint",
  ]
  pruneopts = ""
  revision = "883fe33ffc4344bad1ecd881f61afd5ec5d80e0a"

[[projects]]
  branch = "master"
  digest = "1:d0899ec7c2f61fd5e4ccba7dbefe72e366a3ecce23ecdb982c768fa1d38812fb"
  name = "github.com/google/shlex"
  packages = ["."]
  pruneopts = ""
  revision = "c34317bd91bf98fab745d77b03933cf8769299fe"

[[projects]]
  branch = "master"
  digest = "1:0856bb71810be4fa4293ee4ecb6382f602003c928e02ac42dc9b28e4f11fff4c"
  name = "github.com/gordonklaus/ineffassign"
  packages = ["."]
  pruneopts = ""
  revision = "1003c8bd00dc2869cb5ca5282e6ce33834fed514"

[[projects]]
  digest = "1:09aa5dd1332b93c96bde671bafb053249dc813febf7d5ca84e8f382ba255d67d"
  name = "github.com/gorilla/websocket"
  packages = ["."]
  pruneopts = ""
  revision = "66b9c49e59c6c48f0ffce28c2d8b8a5678502c6d"
  version = "v1.4.0"

[[projects]]
  branch = "master"
  digest = "1:0bebbd29bb93e64eb6b580925eec51a63dc7cfa65e9c5fb135799e670c4433dc"
  name = "github.com/imdario/mergo"
  packages = ["."]
  pruneopts = ""
  revision = "ca3dcc1022bae9b5510f3c83705b72db1b1a96f9"

[[projects]]
  digest = "1:487a533f9250f87ebdbbc85ba64ac6748c4424fd3946f8614c47f5634202168a"
  name = "github.com/jawher/mow.cli"
  packages = ["."]
  pruneopts = ""
  revision = "0e80ee9f63156ea1954dc2375c33a1c7e752c25c"
  version = "v1.0.3"

[[projects]]
  branch = "master"
  digest = "1:14a9763035ddd561bd2434463ff342a5cec5fd94730d2bd33d21a14714ee57e1"
  name = "github.com/juju/ansiterm"
  packages = [
    ".",
    "tabwriter",
  ]
  pruneopts = ""
  revision = "720a0952cc2ac777afc295d9861263e2a4cf96a1"

[[projects]]
  branch = "master"
  digest = "1:a1df2b8580d14ed39468ed683fa344ef2ebabd77eccb45cbad057b30181bb6c0"
  name = "github.com/lunixbochs/vtclean"
  packages = ["."]
  pruneopts = ""
  revision = "2d01aacdc34a083dca635ba869909f5fc0cd4f41"

[[projects]]
  digest = "1:60f6c197f7a73033be338b88405b1a35a5de9b923b88a2235aee52b946ba5963"
  name = "github.com/manifoldco/promptui"
  packages = [
    ".",
    "list",
    "screenbuf",
  ]
  pruneopts = ""
  revision = "20f2a94120aa14a334121a6de66616a7fa89a5cd"
  version = "v0.3.2"

[[projects]]
  digest = "1:9ea83adf8e96d6304f394d40436f2eb44c1dc3250d223b74088cc253a6cd0a1c"
  name = "github.com/mattn/go-colorable"
  packages = ["."]
  pruneopts = ""
  revision = "167de6bfdfba052fa6b2d3664c8f5272e23c9072"
  version = "v0.0.9"

[[projects]]
  branch = "master"
  digest = "1:3140e04675a6a91d2a20ea9d10bdadf6072085502e6def6768361260aee4b967"
  name = "github.com/mattn/go-isatty"
  packages = ["."]
  pruneopts = ""
  revision = "6ca4dbf54d38eea1a992b3c722a76a5d1c4cb25c"

[[projects]]
  digest = "1:9fa4a4a684dfb36f3ba1b0a163225140e19e3219e5576d0761d02dbd4c31b743"
  name = "github.com/nicksnyder/go-i18n"
  packages = [
    "i18n",
    "i18n/bundle",
    "i18n/language",
    "i18n/translation",
  ]
  pruneopts = ""
  revision = "0dc1626d56435e9d605a29875701721c54bc9bbd"
  version = "v1.10.0"

[[projects]]
  digest = "1:9407d3c57389f400ef8c1039e352ce00e2ab97c41bf1babba97c2a6922b7111e"
  name = "github.com/nlopes/slack"
  packages = [
    ".",
    "slackutilsx",
  ]
  pruneopts = ""
  revision = "b9033a72a20bf84563485e86a2adbea4bf265804"
  version = "v0.4.0"

[[projects]]
  digest = "1:5d9b668b0b4581a978f07e7d2e3314af18eb27b3fb5d19b70185b7c575723d11"
  name = "github.com/opencontainers/go-digest"
  packages = ["."]
  pruneopts = ""
  revision = "279bed98673dd5bef374d3b6e4b09e2af76183bf"
  version = "v1.0.0-rc1"

[[projects]]
  digest = "1:f26c8670b11e29a49c8e45f7ec7f2d5bac62e8fd4e3c0ae1662baa4a697f984a"
  name = "github.com/opencontainers/image-spec"
  packages = [
    "specs-go",
    "specs-go/v1",
  ]
  pruneopts = ""
  revision = "d60099175f88c47cd379c4738d158884749ed235"
  version = "v1.0.1"

[[projects]]
  digest = "1:894aef961c056b6d85d12bac890bf60c44e99b46292888bfa66caf529f804457"
  name = "github.com/pelletier/go-toml"
  packages = ["."]
  pruneopts = ""
  revision = "c01d1270ff3e442a8a57cddc1c92dc1138598194"
  version = "v1.2.0"

[[projects]]
  digest = "1:bd684c17e4d8f611ebfeb473e1dcd43b493cb6306ee64010412e378db69e5a4a"
  name = "github.com/peterhellberg/link"
  packages = ["."]
  pruneopts = ""
  revision = "d1cebc7ea14a5fc0de7cb4a45acae773161642c6"
  version = "v1.0.0"

[[projects]]
  digest = "1:1d7e1867c49a6dd9856598ef7c3123604ea3daabf5b83f303ff457bcbc410b1d"
  name = "github.com/pkg/errors"
  packages = ["."]
  pruneopts = ""
  revision = "ba968bfe8b2f7e042a574c888954fccecfa385b4"
  version = "v0.8.1"

[[projects]]
  digest = "1:42a42c4bc67bed17f40fddf0f24d4403e25e7b96488456cf4248e6d16659d370"
  name = "github.com/sirupsen/logrus"
  packages = ["."]
  pruneopts = ""
  revision = "d682213848ed68c0a260ca37d6dd5ace8423f5ba"
  version = "v1.0.4"

[[projects]]
  branch = "master"
  digest = "1:ba52e5a5fb800ce55108b7a5f181bb809aab71c16736051312b0aa969f82ad39"
  name = "github.com/tsenart/deadcode"
  packages = ["."]
  pruneopts = ""
  revision = "210d2dc333e90c7e3eedf4f2242507a8e83ed4ab"

[[projects]]
  digest = "1:febc7d7c1a817016b83441742910a3eab682d5c64613fcd91fde7ca06107ea49"
  name = "golang.org/x/crypto"
  packages = ["ssh/terminal"]
  pruneopts = ""
  revision = "1875d0a70c90e57f11972aefd42276df65e895b9"

[[projects]]
  digest = "1:e4853644a857f4dd587ac56235c24ab32fefa393a8955be2ff5a535b820d5e19"
  name = "golang.org/x/sys"
  packages = [
    "unix",
    "windows",
  ]
  pruneopts = ""
  revision = "3dbebcf8efb6a5011a60c2b4591c1022a759af8a"

[[projects]]
  branch = "master"
  digest = "1:ed767560ca2477b2db6f6a27d59048a0d31c500112d412c866c7f3577c4fa72a"
  name = "golang.org/x/tools"
  packages = [
    "go/ast/astutil",
    "go/gcexportdata",
    "go/internal/gcimporter",
    "go/types/typeutil",
  ]
  pruneopts = ""
  revision = "bbbd9518e88c8c9d74d2b0f29f0d19b3b22338a1"

[[projects]]
  branch = "v3-unstable"
  digest = "1:7c4ffda5286eb300da092725594bcab1d204798f5a30c48336c8e5750d405352"
  name = "gopkg.in/alecthomas/kingpin.v3-unstable"
  packages = ["."]
  pruneopts = ""
  revision = "df19058c872cddcd279411d709047160e543a700"

[[projects]]
  digest = "1:5fe876313b07628905b2181e537faabe45032cb9c79c01b49b51c25a0a40040d"
  name = "gopkg.in/yaml.v2"
  packages = ["."]
  pruneopts = ""
  revision = "7f97868eec74b32b0982dd158a51a446d1da7eb5"

[solve-meta]
  analyzer-name = "dep"
  analyzer-version = 1
  input-imports = [
    "github.com/coreos/go-semver/semver",
    "github.com/docker/docker/api/types",
    "github.com/genuinetools/reg/registry",
    "github.com/imdario/mergo",
    "github.com/jawher/mow.cli",
    "github.com/manifoldco/promptui",
    "github.com/mattn/go-isatty",
    "github.com/nlopes/slack",
    "github.com/sirupsen/logrus",
    "gopkg.in/yaml.v2",
  ]
  solver-name = "gps-cdcl"
  solver-version = 1
