hash: f095a52dc9e133047683fc6ad6521c3dca74d6ef31c18fe99304567cf471baa6
updated: 2018-01-31T21:04:18.491878565Z
imports:
- name: github.com/jawher/mow.cli
  version: 0e80ee9f63156ea1954dc2375c33a1c7e752c25c
- name: github.com/mattn/go-isatty
  version: 6ca4dbf54d38eea1a992b3c722a76a5d1c4cb25c
- name: github.com/sirupsen/logrus
  version: d682213848ed68c0a260ca37d6dd5ace8423f5ba
- name: golang.org/x/crypto
  version: 1875d0a70c90e57f11972aefd42276df65e895b9
  subpackages:
  - ssh/terminal
- name: golang.org/x/sys
  version: 3dbebcf8efb6a5011a60c2b4591c1022a759af8a
  subpackages:
  - unix
  - windows
- name: gopkg.in/yaml.v2
  version: eb3733d160e74a9c7e442f435eb3bea458e1d19f
testImports: []
